// !$*UTF8*$!
{
	archiveVersion = 1;
	classes = {
	};
	objectVersion = 46;
	objects = {

/* Begin PBXBuildFile section */
		1A2986A1811FFAC687105B12 /* libPods.a in Frameworks */ = {isa = PBXBuildFile; fileRef = ECE2DA10EE82D8F9FA6025AB /* libPods.a */; };
		8303D1201ACBBA6F00A7C563 /* PhotoCell.swift in Sources */ = {isa = PBXBuildFile; fileRef = 8303D11F1ACBBA6F00A7C563 /* PhotoCell.swift */; };
		8303D1221ACBC66800A7C563 /* PhotoController.swift in Sources */ = {isa = PBXBuildFile; fileRef = 8303D1211ACBC66800A7C563 /* PhotoController.swift */; };
		8303D1241ACBD2B700A7C563 /* DetailViewController.swift in Sources */ = {isa = PBXBuildFile; fileRef = 8303D1231ACBD2B700A7C563 /* DetailViewController.swift */; };
		8303D1261ACBD55700A7C563 /* PresentDetailTransition.swift in Sources */ = {isa = PBXBuildFile; fileRef = 8303D1251ACBD55700A7C563 /* PresentDetailTransition.swift */; };
		8303D1281ACBD56F00A7C563 /* DismissDetailTransition.swift in Sources */ = {isa = PBXBuildFile; fileRef = 8303D1271ACBD56F00A7C563 /* DismissDetailTransition.swift */; };
		8363BFFA1ACBACF60015A036 /* LoginViewController.swift in Sources */ = {isa = PBXBuildFile; fileRef = 8363BFF91ACBACF60015A036 /* LoginViewController.swift */; };
		83C11D351ACB09E000D48499 /* AppDelegate.swift in Sources */ = {isa = PBXBuildFile; fileRef = 83C11D341ACB09E000D48499 /* AppDelegate.swift */; };
		83C11D3A1ACB09E000D48499 /* Main.storyboard in Resources */ = {isa = PBXBuildFile; fileRef = 83C11D381ACB09E000D48499 /* Main.storyboard */; };
		83C11D3C1ACB09E000D48499 /* Images.xcassets in Resources */ = {isa = PBXBuildFile; fileRef = 83C11D3B1ACB09E000D48499 /* Images.xcassets */; };
		83C11D3F1ACB09E000D48499 /* LaunchScreen.xib in Resources */ = {isa = PBXBuildFile; fileRef = 83C11D3D1ACB09E000D48499 /* LaunchScreen.xib */; };
		83C11D4B1ACB09E000D48499 /* FlickrTestTests.swift in Sources */ = {isa = PBXBuildFile; fileRef = 83C11D4A1ACB09E000D48499 /* FlickrTestTests.swift */; };
		83C11D581ACB0E9500D48499 /* SystemConfiguration.framework in Frameworks */ = {isa = PBXBuildFile; fileRef = 83C11D571ACB0E9500D48499 /* SystemConfiguration.framework */; };
		83C11D5A1ACB1FB500D48499 /* PhotosViewController.swift in Sources */ = {isa = PBXBuildFile; fileRef = 83C11D591ACB1FB500D48499 /* PhotosViewController.swift */; };
/* End PBXBuildFile section */

/* Begin PBXContainerItemProxy section */
		83C11D451ACB09E000D48499 /* PBXContainerItemProxy */ = {
			isa = PBXContainerItemProxy;
			containerPortal = 83C11D271ACB09E000D48499 /* Project object */;
			proxyType = 1;
			remoteGlobalIDString = 83C11D2E1ACB09E000D48499;
			remoteInfo = FlickrTest;
		};
/* End PBXContainerItemProxy section */

/* Begin PBXFileReference section */
		8303D11F1ACBBA6F00A7C563 /* PhotoCell.swift */ = {isa = PBXFileReference; fileEncoding = 4; lastKnownFileType = sourcecode.swift; path = PhotoCell.swift; sourceTree = "<group>"; };
		8303D1211ACBC66800A7C563 /* PhotoController.swift */ = {isa = PBXFileReference; fileEncoding = 4; lastKnownFileType = sourcecode.swift; path = PhotoController.swift; sourceTree = "<group>"; };
		8303D1231ACBD2B700A7C563 /* DetailViewController.swift */ = {isa = PBXFileReference; fileEncoding = 4; lastKnownFileType = sourcecode.swift; path = DetailViewController.swift; sourceTree = "<group>"; };
		8303D1251ACBD55700A7C563 /* PresentDetailTransition.swift */ = {isa = PBXFileReference; fileEncoding = 4; lastKnownFileType = sourcecode.swift; path = PresentDetailTransition.swift; sourceTree = "<group>"; };
		8303D1271ACBD56F00A7C563 /* DismissDetailTransition.swift */ = {isa = PBXFileReference; fileEncoding = 4; lastKnownFileType = sourcecode.swift; path = DismissDetailTransition.swift; sourceTree = "<group>"; };
		8363BFF91ACBACF60015A036 /* LoginViewController.swift */ = {isa = PBXFileReference; fileEncoding = 4; lastKnownFileType = sourcecode.swift; path = LoginViewController.swift; sourceTree = "<group>"; };
		83C11D2F1ACB09E000D48499 /* FlickrTest.app */ = {isa = PBXFileReference; explicitFileType = wrapper.application; includeInIndex = 0; path = FlickrTest.app; sourceTree = BUILT_PRODUCTS_DIR; };
		83C11D331ACB09E000D48499 /* Info.plist */ = {isa = PBXFileReference; lastKnownFileType = text.plist.xml; path = Info.plist; sourceTree = "<group>"; };
		83C11D341ACB09E000D48499 /* AppDelegate.swift */ = {isa = PBXFileReference; lastKnownFileType = sourcecode.swift; path = AppDelegate.swift; sourceTree = "<group>"; };
		83C11D391ACB09E000D48499 /* Base */ = {isa = PBXFileReference; lastKnownFileType = file.storyboard; name = Base; path = Base.lproj/Main.storyboard; sourceTree = "<group>"; };
		83C11D3B1ACB09E000D48499 /* Images.xcassets */ = {isa = PBXFileReference; lastKnownFileType = folder.assetcatalog; path = Images.xcassets; sourceTree = "<group>"; };
		83C11D3E1ACB09E000D48499 /* Base */ = {isa = PBXFileReference; lastKnownFileType = file.xib; name = Base; path = Base.lproj/LaunchScreen.xib; sourceTree = "<group>"; };
		83C11D441ACB09E000D48499 /* FlickrTestTests.xctest */ = {isa = PBXFileReference; explicitFileType = wrapper.cfbundle; includeInIndex = 0; path = FlickrTestTests.xctest; sourceTree = BUILT_PRODUCTS_DIR; };
		83C11D491ACB09E000D48499 /* Info.plist */ = {isa = PBXFileReference; lastKnownFileType = text.plist.xml; path = Info.plist; sourceTree = "<group>"; };
		83C11D4A1ACB09E000D48499 /* FlickrTestTests.swift */ = {isa = PBXFileReference; lastKnownFileType = sourcecode.swift; path = FlickrTestTests.swift; sourceTree = "<group>"; };
		83C11D541ACB0D4B00D48499 /* FlickrTest-Bridging-Header.h */ = {isa = PBXFileReference; lastKnownFileType = sourcecode.c.h; path = "FlickrTest-Bridging-Header.h"; sourceTree = "<group>"; };
		83C11D571ACB0E9500D48499 /* SystemConfiguration.framework */ = {isa = PBXFileReference; lastKnownFileType = wrapper.framework; name = SystemConfiguration.framework; path = System/Library/Frameworks/SystemConfiguration.framework; sourceTree = SDKROOT; };
		83C11D591ACB1FB500D48499 /* PhotosViewController.swift */ = {isa = PBXFileReference; fileEncoding = 4; lastKnownFileType = sourcecode.swift; path = PhotosViewController.swift; sourceTree = "<group>"; };
		C073435C26791AAE99930522 /* Pods.release.xcconfig */ = {isa = PBXFileReference; includeInIndex = 1; lastKnownFileType = text.xcconfig; name = Pods.release.xcconfig; path = "Pods/Target Support Files/Pods/Pods.release.xcconfig"; sourceTree = "<group>"; };
		CD6C9D6E87B78EC7B10B85CF /* Pods.debug.xcconfig */ = {isa = PBXFileReference; includeInIndex = 1; lastKnownFileType = text.xcconfig; name = Pods.debug.xcconfig; path = "Pods/Target Support Files/Pods/Pods.debug.xcconfig"; sourceTree = "<group>"; };
		ECE2DA10EE82D8F9FA6025AB /* libPods.a */ = {isa = PBXFileReference; explicitFileType = archive.ar; includeInIndex = 0; path = libPods.a; sourceTree = BUILT_PRODUCTS_DIR; };
/* End PBXFileReference section */

/* Begin PBXFrameworksBuildPhase section */
		83C11D2C1ACB09E000D48499 /* Frameworks */ = {
			isa = PBXFrameworksBuildPhase;
			buildActionMask = 2147483647;
			files = (
				83C11D581ACB0E9500D48499 /* SystemConfiguration.framework in Frameworks */,
				1A2986A1811FFAC687105B12 /* libPods.a in Frameworks */,
			);
			runOnlyForDeploymentPostprocessing = 0;
		};
		83C11D411ACB09E000D48499 /* Frameworks */ = {
			isa = PBXFrameworksBuildPhase;
			buildActionMask = 2147483647;
			files = (
			);
			runOnlyForDeploymentPostprocessing = 0;
		};
/* End PBXFrameworksBuildPhase section */

/* Begin PBXGroup section */
		1DE5BE50E233C86003EB9755 /* Pods */ = {
			isa = PBXGroup;
			children = (
				CD6C9D6E87B78EC7B10B85CF /* Pods.debug.xcconfig */,
				C073435C26791AAE99930522 /* Pods.release.xcconfig */,
			);
			name = Pods;
			sourceTree = "<group>";
		};
		83C11D261ACB09E000D48499 = {
			isa = PBXGroup;
			children = (
				83C11D311ACB09E000D48499 /* FlickrTest */,
				83C11D471ACB09E000D48499 /* FlickrTestTests */,
				83C11D301ACB09E000D48499 /* Products */,
				1DE5BE50E233C86003EB9755 /* Pods */,
				9765C15B4EE2C98B262D041C /* Frameworks */,
			);
			sourceTree = "<group>";
		};
		83C11D301ACB09E000D48499 /* Products */ = {
			isa = PBXGroup;
			children = (
				83C11D2F1ACB09E000D48499 /* FlickrTest.app */,
				83C11D441ACB09E000D48499 /* FlickrTestTests.xctest */,
			);
			name = Products;
			sourceTree = "<group>";
		};
		83C11D311ACB09E000D48499 /* FlickrTest */ = {
			isa = PBXGroup;
			children = (
				83C11D341ACB09E000D48499 /* AppDelegate.swift */,
				8303D1211ACBC66800A7C563 /* PhotoController.swift */,
				8303D1231ACBD2B700A7C563 /* DetailViewController.swift */,
				8363BFF91ACBACF60015A036 /* LoginViewController.swift */,
				83C11D591ACB1FB500D48499 /* PhotosViewController.swift */,
				8303D11F1ACBBA6F00A7C563 /* PhotoCell.swift */,
				8303D1251ACBD55700A7C563 /* PresentDetailTransition.swift */,
				8303D1271ACBD56F00A7C563 /* DismissDetailTransition.swift */,
				83C11D381ACB09E000D48499 /* Main.storyboard */,
				83C11D3B1ACB09E000D48499 /* Images.xcassets */,
				83C11D3D1ACB09E000D48499 /* LaunchScreen.xib */,
				83C11D321ACB09E000D48499 /* Supporting Files */,
				83C11D541ACB0D4B00D48499 /* FlickrTest-Bridging-Header.h */,
			);
			path = FlickrTest;
			sourceTree = "<group>";
		};
		83C11D321ACB09E000D48499 /* Supporting Files */ = {
			isa = PBXGroup;
			children = (
				83C11D331ACB09E000D48499 /* Info.plist */,
			);
			name = "Supporting Files";
			sourceTree = "<group>";
		};
		83C11D471ACB09E000D48499 /* FlickrTestTests */ = {
			isa = PBXGroup;
			children = (
				83C11D4A1ACB09E000D48499 /* FlickrTestTests.swift */,
				83C11D481ACB09E000D48499 /* Supporting Files */,
			);
			path = FlickrTestTests;
			sourceTree = "<group>";
		};
		83C11D481ACB09E000D48499 /* Supporting Files */ = {
			isa = PBXGroup;
			children = (
				83C11D491ACB09E000D48499 /* Info.plist */,
			);
			name = "Supporting Files";
			sourceTree = "<group>";
		};
		9765C15B4EE2C98B262D041C /* Frameworks */ = {
			isa = PBXGroup;
			children = (
				83C11D571ACB0E9500D48499 /* SystemConfiguration.framework */,
				ECE2DA10EE82D8F9FA6025AB /* libPods.a */,
			);
			name = Frameworks;
			sourceTree = "<group>";
		};
/* End PBXGroup section */

/* Begin PBXNativeTarget section */
		83C11D2E1ACB09E000D48499 /* FlickrTest */ = {
			isa = PBXNativeTarget;
			buildConfigurationList = 83C11D4E1ACB09E000D48499 /* Build configuration list for PBXNativeTarget "FlickrTest" */;
			buildPhases = (
				FBBCDEC0542B99B8FB2F5500 /* Check Pods Manifest.lock */,
				83C11D2B1ACB09E000D48499 /* Sources */,
				83C11D2C1ACB09E000D48499 /* Frameworks */,
				83C11D2D1ACB09E000D48499 /* Resources */,
				AD673181837703116C1B9127 /* Copy Pods Resources */,
			);
			buildRules = (
			);
			dependencies = (
			);
			name = FlickrTest;
			productName = FlickrTest;
			productReference = 83C11D2F1ACB09E000D48499 /* FlickrTest.app */;
			productType = "com.apple.product-type.application";
		};
		83C11D431ACB09E000D48499 /* FlickrTestTests */ = {
			isa = PBXNativeTarget;
			buildConfigurationList = 83C11D511ACB09E000D48499 /* Build configuration list for PBXNativeTarget "FlickrTestTests" */;
			buildPhases = (
				83C11D401ACB09E000D48499 /* Sources */,
				83C11D411ACB09E000D48499 /* Frameworks */,
				83C11D421ACB09E000D48499 /* Resources */,
			);
			buildRules = (
			);
			dependencies = (
				83C11D461ACB09E000D48499 /* PBXTargetDependency */,
			);
			name = FlickrTestTests;
			productName = FlickrTestTests;
			productReference = 83C11D441ACB09E000D48499 /* FlickrTestTests.xctest */;
			productType = "com.apple.product-type.bundle.unit-test";
		};
/* End PBXNativeTarget section */

/* Begin PBXProject section */
		83C11D271ACB09E000D48499 /* Project object */ = {
			isa = PBXProject;
			attributes = {
				LastUpgradeCheck = 0620;
				ORGANIZATIONNAME = ClassicTim;
				TargetAttributes = {
					83C11D2E1ACB09E000D48499 = {
						CreatedOnToolsVersion = 6.2;
					};
					83C11D431ACB09E000D48499 = {
						CreatedOnToolsVersion = 6.2;
						TestTargetID = 83C11D2E1ACB09E000D48499;
					};
				};
			};
			buildConfigurationList = 83C11D2A1ACB09E000D48499 /* Build configuration list for PBXProject "FlickrTest" */;
			compatibilityVersion = "Xcode 3.2";
			developmentRegion = English;
			hasScannedForEncodings = 0;
			knownRegions = (
				en,
				Base,
			);
			mainGroup = 83C11D261ACB09E000D48499;
			productRefGroup = 83C11D301ACB09E000D48499 /* Products */;
			projectDirPath = "";
			projectRoot = "";
			targets = (
				83C11D2E1ACB09E000D48499 /* FlickrTest */,
				83C11D431ACB09E000D48499 /* FlickrTestTests */,
			);
		};
/* End PBXProject section */

/* Begin PBXResourcesBuildPhase section */
		83C11D2D1ACB09E000D48499 /* Resources */ = {
			isa = PBXResourcesBuildPhase;
			buildActionMask = 2147483647;
			files = (
				83C11D3A1ACB09E000D48499 /* Main.storyboard in Resources */,
				83C11D3F1ACB09E000D48499 /* LaunchScreen.xib in Resources */,
				83C11D3C1ACB09E000D48499 /* Images.xcassets in Resources */,
			);
			runOnlyForDeploymentPostprocessing = 0;
		};
		83C11D421ACB09E000D48499 /* Resources */ = {
			isa = PBXResourcesBuildPhase;
			buildActionMask = 2147483647;
			files = (
			);
			runOnlyForDeploymentPostprocessing = 0;
		};
/* End PBXResourcesBuildPhase section */

/* Begin PBXShellScriptBuildPhase section */
		AD673181837703116C1B9127 /* Copy Pods Resources */ = {
			isa = PBXShellScriptBuildPhase;
			buildActionMask = 2147483647;
			files = (
			);
			inputPaths = (
			);
			name = "Copy Pods Resources";
			outputPaths = (
			);
			runOnlyForDeploymentPostprocessing = 0;
			shellPath = /bin/sh;
			shellScript = "\"${SRCROOT}/Pods/Target Support Files/Pods/Pods-resources.sh\"\n";
			showEnvVarsInLog = 0;
		};
		FBBCDEC0542B99B8FB2F5500 /* Check Pods Manifest.lock */ = {
			isa = PBXShellScriptBuildPhase;
			buildActionMask = 2147483647;
			files = (
			);
			inputPaths = (
			);
			name = "Check Pods Manifest.lock";
			outputPaths = (
			);
			runOnlyForDeploymentPostprocessing = 0;
			shellPath = /bin/sh;
			shellScript = "diff \"${PODS_ROOT}/../Podfile.lock\" \"${PODS_ROOT}/Manifest.lock\" > /dev/null\nif [[ $? != 0 ]] ; then\n    cat << EOM\nerror: The sandbox is not in sync with the Podfile.lock. Run 'pod install' or update your CocoaPods installation.\nEOM\n    exit 1\nfi\n";
			showEnvVarsInLog = 0;
		};
/* End PBXShellScriptBuildPhase section */

/* Begin PBXSourcesBuildPhase section */
		83C11D2B1ACB09E000D48499 /* Sources */ = {
			isa = PBXSourcesBuildPhase;
			buildActionMask = 2147483647;
			files = (
				8303D1221ACBC66800A7C563 /* PhotoController.swift in Sources */,
				8303D1201ACBBA6F00A7C563 /* PhotoCell.swift in Sources */,
				8303D1281ACBD56F00A7C563 /* DismissDetailTransition.swift in Sources */,
				8363BFFA1ACBACF60015A036 /* LoginViewController.swift in Sources */,
				8303D1241ACBD2B700A7C563 /* DetailViewController.swift in Sources */,
				83C11D5A1ACB1FB500D48499 /* PhotosViewController.swift in Sources */,
				8303D1261ACBD55700A7C563 /* PresentDetailTransition.swift in Sources */,
				83C11D351ACB09E000D48499 /* AppDelegate.swift in Sources */,
			);
			runOnlyForDeploymentPostprocessing = 0;
		};
		83C11D401ACB09E000D48499 /* Sources */ = {
			isa = PBXSourcesBuildPhase;
			buildActionMask = 2147483647;
			files = (
				83C11D4B1ACB09E000D48499 /* FlickrTestTests.swift in Sources */,
			);
			runOnlyForDeploymentPostprocessing = 0;
		};
/* End PBXSourcesBuildPhase section */

/* Begin PBXTargetDependency section */
		83C11D461ACB09E000D48499 /* PBXTargetDependency */ = {
			isa = PBXTargetDependency;
			target = 83C11D2E1ACB09E000D48499 /* FlickrTest */;
			targetProxy = 83C11D451ACB09E000D48499 /* PBXContainerItemProxy */;
		};
/* End PBXTargetDependency section */

/* Begin PBXVariantGroup section */
		83C11D381ACB09E000D48499 /* Main.storyboard */ = {
			isa = PBXVariantGroup;
			children = (
				83C11D391ACB09E000D48499 /* Base */,
			);
			name = Main.storyboard;
			sourceTree = "<group>";
		};
		83C11D3D1ACB09E000D48499 /* LaunchScreen.xib */ = {
			isa = PBXVariantGroup;
			children = (
				83C11D3E1ACB09E000D48499 /* Base */,
			);
			name = LaunchScreen.xib;
			sourceTree = "<group>";
		};
/* End PBXVariantGroup section */

/* Begin XCBuildConfiguration section */
		83C11D4C1ACB09E000D48499 /* Debug */ = {
			isa = XCBuildConfiguration;
			buildSettings = {
				ALWAYS_SEARCH_USER_PATHS = NO;
				CLANG_CXX_LANGUAGE_STANDARD = "gnu++0x";
				CLANG_CXX_LIBRARY = "libc++";
				CLANG_ENABLE_MODULES = YES;
				CLANG_ENABLE_OBJC_ARC = YES;
				CLANG_WARN_BOOL_CONVERSION = YES;
				CLANG_WARN_CONSTANT_CONVERSION = YES;
				CLANG_WARN_DIRECT_OBJC_ISA_USAGE = YES_ERROR;
				CLANG_WARN_EMPTY_BODY = YES;
				CLANG_WARN_ENUM_CONVERSION = YES;
				CLANG_WARN_INT_CONVERSION = YES;
				CLANG_WARN_OBJC_ROOT_CLASS = YES_ERROR;
				CLANG_WARN_UNREACHABLE_CODE = YES;
				CLANG_WARN__DUPLICATE_METHOD_MATCH = YES;
				"CODE_SIGN_IDENTITY[sdk=iphoneos*]" = "iPhone Developer";
				COPY_PHASE_STRIP = NO;
				ENABLE_STRICT_OBJC_MSGSEND = YES;
				GCC_C_LANGUAGE_STANDARD = gnu99;
				GCC_DYNAMIC_NO_PIC = NO;
				GCC_OPTIMIZATION_LEVEL = 0;
				GCC_PREPROCESSOR_DEFINITIONS = (
					"DEBUG=1",
					"$(inherited)",
				);
				GCC_SYMBOLS_PRIVATE_EXTERN = NO;
				GCC_WARN_64_TO_32_BIT_CONVERSION = YES;
				GCC_WARN_ABOUT_RETURN_TYPE = YES_ERROR;
				GCC_WARN_UNDECLARED_SELECTOR = YES;
				GCC_WARN_UNINITIALIZED_AUTOS = YES_AGGRESSIVE;
				GCC_WARN_UNUSED_FUNCTION = YES;
				GCC_WARN_UNUSED_VARIABLE = YES;
				IPHONEOS_DEPLOYMENT_TARGET = 8.2;
				MTL_ENABLE_DEBUG_INFO = YES;
				ONLY_ACTIVE_ARCH = YES;
				SDKROOT = iphoneos;
				SWIFT_OPTIMIZATION_LEVEL = "-Onone";
			};
			name = Debug;
		};
		83C11D4D1ACB09E000D48499 /* Release */ = {
			isa = XCBuildConfiguration;
			buildSettings = {
				ALWAYS_SEARCH_USER_PATHS = NO;
				CLANG_CXX_LANGUAGE_STANDARD = "gnu++0x";
				CLANG_CXX_LIBRARY = "libc++";
				CLANG_ENABLE_MODULES = YES;
				CLANG_ENABLE_OBJC_ARC = YES;
				CLANG_WARN_BOOL_CONVERSION = YES;
				CLANG_WARN_CONSTANT_CONVERSION = YES;
				CLANG_WARN_DIRECT_OBJC_ISA_USAGE = YES_ERROR;
				CLANG_WARN_EMPTY_BODY = YES;
				CLANG_WARN_ENUM_CONVERSION = YES;
				CLANG_WARN_INT_CONVERSION = YES;
				CLANG_WARN_OBJC_ROOT_CLASS = YES_ERROR;
				CLANG_WARN_UNREACHABLE_CODE = YES;
				CLANG_WARN__DUPLICATE_METHOD_MATCH = YES;
				"CODE_SIGN_IDENTITY[sdk=iphoneos*]" = "iPhone Developer";
				COPY_PHASE_STRIP = NO;
				ENABLE_NS_ASSERTIONS = NO;
				ENABLE_STRICT_OBJC_MSGSEND = YES;
				GCC_C_LANGUAGE_STANDARD = gnu99;
				GCC_WARN_64_TO_32_BIT_CONVERSION = YES;
				GCC_WARN_ABOUT_RETURN_TYPE = YES_ERROR;
				GCC_WARN_UNDECLARED_SELECTOR = YES;
				GCC_WARN_UNINITIALIZED_AUTOS = YES_AGGRESSIVE;
				GCC_WARN_UNUSED_FUNCTION = YES;
				GCC_WARN_UNUSED_VARIABLE = YES;
				IPHONEOS_DEPLOYMENT_TARGET = 8.2;
				MTL_ENABLE_DEBUG_INFO = NO;
				SDKROOT = iphoneos;
				VALIDATE_PRODUCT = YES;
			};
			name = Release;
		};
		83C11D4F1ACB09E000D48499 /* Debug */ = {
			isa = XCBuildConfiguration;
			baseConfigurationReference = CD6C9D6E87B78EC7B10B85CF /* Pods.debug.xcconfig */;
			buildSettings = {
				ASSETCATALOG_COMPILER_APPICON_NAME = AppIcon;
				CLANG_ENABLE_MODULES = YES;
				INFOPLIST_FILE = FlickrTest/Info.plist;
				IPHONEOS_DEPLOYMENT_TARGET = 8.1;
				LD_RUNPATH_SEARCH_PATHS = "$(inherited) @executable_path/Frameworks";
				PRODUCT_NAME = "$(TARGET_NAME)";
				SWIFT_OBJC_BRIDGING_HEADER = "FlickrTest/FlickrTest-Bridging-Header.h";
				SWIFT_OPTIMIZATION_LEVEL = "-Onone";
			};
			name = Debug;
		};
		83C11D501ACB09E000D48499 /* Release */ = {
			isa = XCBuildConfiguration;
			baseConfigurationReference = C073435C26791AAE99930522 /* Pods.release.xcconfig */;
			buildSettings = {
				ASSETCATALOG_COMPILER_APPICON_NAME = AppIcon;
				CLANG_ENABLE_MODULES = YES;
				INFOPLIST_FILE = FlickrTest/Info.plist;
				IPHONEOS_DEPLOYMENT_TARGET = 8.1;
				LD_RUNPATH_SEARCH_PATHS = "$(inherited) @executable_path/Frameworks";
				PRODUCT_NAME = "$(TARGET_NAME)";
				SWIFT_OBJC_BRIDGING_HEADER = "FlickrTest/FlickrTest-Bridging-Header.h";
			};
			name = Release;
		};
		83C11D521ACB09E000D48499 /* Debug */ = {
			isa = XCBuildConfiguration;
			buildSettings = {
				BUNDLE_LOADER = "$(TEST_HOST)";
				FRAMEWORK_SEARCH_PATHS = (
					"$(SDKROOT)/Developer/Library/Frameworks",
					"$(inherited)",
				);
				GCC_PREPROCESSOR_DEFINITIONS = (
					"DEBUG=1",
					"$(inherited)",
				);
				INFOPLIST_FILE = FlickrTestTests/Info.plist;
				LD_RUNPATH_SEARCH_PATHS = "$(inherited) @executable_path/Frameworks @loader_path/Frameworks";
				PRODUCT_NAME = "$(TARGET_NAME)";
				TEST_HOST = "$(BUILT_PRODUCTS_DIR)/FlickrTest.app/FlickrTest";
			};
			name = Debug;
		};
		83C11D531ACB09E000D48499 /* Release */ = {
			isa = XCBuildConfiguration;
			buildSettings = {
				BUNDLE_LOADER = "$(TEST_HOST)";
				FRAMEWORK_SEARCH_PATHS = (
					"$(SDKROOT)/Developer/Library/Frameworks",
					"$(inherited)",
				);
				INFOPLIST_FILE = FlickrTestTests/Info.plist;
				LD_RUNPATH_SEARCH_PATHS = "$(inherited) @executable_path/Frameworks @loader_path/Frameworks";
				PRODUCT_NAME = "$(TARGET_NAME)";
				TEST_HOST = "$(BUILT_PRODUCTS_DIR)/FlickrTest.app/FlickrTest";
			};
			name = Release;
		};
/* End XCBuildConfiguration section */

/* Begin XCConfigurationList section */
		83C11D2A1ACB09E000D48499 /* Build configuration list for PBXProject "FlickrTest" */ = {
			isa = XCConfigurationList;
			buildConfigurations = (
				83C11D4C1ACB09E000D48499 /* Debug */,
				83C11D4D1ACB09E000D48499 /* Release */,
			);
			defaultConfigurationIsVisible = 0;
			defaultConfigurationName = Release;
		};
		83C11D4E1ACB09E000D48499 /* Build configuration list for PBXNativeTarget "FlickrTest" */ = {
			isa = XCConfigurationList;
			buildConfigurations = (
				83C11D4F1ACB09E000D48499 /* Debug */,
				83C11D501ACB09E000D48499 /* Release */,
			);
			defaultConfigurationIsVisible = 0;
			defaultConfigurationName = Release;
		};
		83C11D511ACB09E000D48499 /* Build configuration list for PBXNativeTarget "FlickrTestTests" */ = {
			isa = XCConfigurationList;
			buildConfigurations = (
				83C11D521ACB09E000D48499 /* Debug */,
				83C11D531ACB09E000D48499 /* Release */,
			);
			defaultConfigurationIsVisible = 0;
			defaultConfigurationName = Release;
		};
/* End XCConfigurationList section */
	};
	rootObject = 83C11D271ACB09E000D48499 /* Project object */;
}
